<?xml version="1.0" encoding="utf-8"?>
<Project ToolsVersion="4.0" xmlns="http://schemas.microsoft.com/developer/msbuild/2003">
  <ItemGroup>
    <Filter Include="Ebml">
      <UniqueIdentifier>{1d2a3327-4016-40cc-89db-8d03169e8019}</UniqueIdentifier>
    </Filter>
    <Filter Include="Ebml\EbmlVint">
      <UniqueIdentifier>{8481996c-a845-4a59-958b-4f6f69e941d0}</UniqueIdentifier>
    </Filter>
    <Filter Include="Ebml\EbmlParser">
      <UniqueIdentifier>{c16d4ab5-c0c0-4f46-9d23-6d5fc14a5587}</UniqueIdentifier>
    </Filter>
    <Filter Include="Common">
      <UniqueIdentifier>{8d167dee-cc59-4c6a-892f-bb84d6ee661a}</UniqueIdentifier>
    </Filter>
    <Filter Include="TrackParser">
      <UniqueIdentifier>{124665ef-d1d1-43d5-991b-cd8eee1dd5fd}</UniqueIdentifier>
    </Filter>
    <Filter Include="TrackParser\TrackElement">
      <UniqueIdentifier>{b944767a-b2ba-450d-bf37-33cbf6a47e5c}</UniqueIdentifier>
    </Filter>
    <Filter Include="Tests">
      <UniqueIdentifier>{4f052077-3f0c-4225-b4e7-968d17f8bd64}</UniqueIdentifier>
    </Filter>
    <Filter Include="TrackSelector">
      <UniqueIdentifier>{b0366838-35cf-4828-94e1-c3e77ef5339c}</UniqueIdentifier>
    </Filter>
    <Filter Include="TrackSelector\MatroskaLanguageTags">
      <UniqueIdentifier>{53aa9e9b-49e8-4eba-ab7c-48605e4cfd6a}</UniqueIdentifier>
    </Filter>
  </ItemGroup>
  <ItemGroup>
    <ClCompile Include="Main.cpp" />
    <ClCompile Include="EbmlElementID.cpp">
      <Filter>Ebml\EbmlVint</Filter>
    </ClCompile>
    <ClCompile Include="EbmlElementLength.cpp">
      <Filter>Ebml\EbmlVint</Filter>
    </ClCompile>
    <ClCompile Include="EbmlElement.cpp">
      <Filter>Ebml\EbmlParser</Filter>
    </ClCompile>
    <ClCompile Include="TrackParser.cpp">
      <Filter>TrackParser</Filter>
    </ClCompile>
    <ClCompile Include="TrackElement.cpp">
      <Filter>TrackParser\TrackElement</Filter>
    </ClCompile>
    <ClCompile Include="MatroskaLanguageTags.cpp">
      <Filter>TrackSelector\MatroskaLanguageTags</Filter>
    </ClCompile>
  </ItemGroup>
  <ItemGroup>
    <ClInclude Include="EbmlElementID.h">
      <Filter>Ebml\EbmlVint</Filter>
    </ClInclude>
    <ClInclude Include="EbmlVintUtils.h">
      <Filter>Ebml\EbmlVint</Filter>
    </ClInclude>
    <ClInclude Include="EbmlElementLength.h">
      <Filter>Ebml\EbmlVint</Filter>
    </ClInclude>
    <ClInclude Include="MatroskaElementSpecification.h">
      <Filter>Ebml\EbmlParser</Filter>
    </ClInclude>
    <ClInclude Include="EbmlElement.h">
      <Filter>Ebml\EbmlParser</Filter>
    </ClInclude>
    <ClInclude Include="..\..\Utils\MatroskaElementSpecification.template.h">
      <Filter>Ebml\EbmlParser</Filter>
    </ClInclude>
    <ClInclude Include="Common.h">
      <Filter>Common</Filter>
    </ClInclude>
    <ClInclude Include="BasicSharedPtr.h">
      <Filter>Common</Filter>
    </ClInclude>
    <ClInclude Include="EbmlVintUT.h">
      <Filter>Tests</Filter>
    </ClInclude>
    <ClInclude Include="UTCommon.h">
      <Filter>Tests</Filter>
    </ClInclude>
    <ClInclude Include="BasicSharedPtrUT.h">
      <Filter>Tests</Filter>
    </ClInclude>
    <ClInclude Include="EbmlParserUT.h">
      <Filter>Tests</Filter>
    </ClInclude>
    <ClInclude Include="TrackParser.h">
      <Filter>TrackParser</Filter>
    </ClInclude>
    <ClInclude Include="TrackElement.h">
      <Filter>TrackParser\TrackElement</Filter>
    </ClInclude>
    <ClInclude Include="MatroskaLanguageTags.h">
      <Filter>TrackSelector\MatroskaLanguageTags</Filter>
    </ClInclude>
    <ClInclude Include="MatroskaLanguageTagsUT.h">
      <Filter>Tests</Filter>
    </ClInclude>
  </ItemGroup>
</Project>