<?xml version="1.0" encoding="utf-8"?>
<Project ToolsVersion="4.0" xmlns="http://schemas.microsoft.com/developer/msbuild/2003">
  <ItemGroup>
    <Filter Include="Common">
      <UniqueIdentifier>{8d167dee-cc59-4c6a-892f-bb84d6ee661a}</UniqueIdentifier>
    </Filter>
    <Filter Include="Tests">
      <UniqueIdentifier>{4f052077-3f0c-4225-b4e7-968d17f8bd64}</UniqueIdentifier>
    </Filter>
    <Filter Include="Track management">
      <UniqueIdentifier>{124665ef-d1d1-43d5-991b-cd8eee1dd5fd}</UniqueIdentifier>
    </Filter>
    <Filter Include="TrackPrioritizer">
      <UniqueIdentifier>{b0366838-35cf-4828-94e1-c3e77ef5339c}</UniqueIdentifier>
    </Filter>
    <Filter Include="Track management\InteractiveTrackSelector">
      <UniqueIdentifier>{c99096bc-a4fd-4622-b219-73550fd88a71}</UniqueIdentifier>
    </Filter>
    <Filter Include="Track management\InteractiveTrackSelector\MinTrackEntry">
      <UniqueIdentifier>{b54f6c32-3fe2-424d-8214-e76294acec92}</UniqueIdentifier>
    </Filter>
    <Filter Include="Track management\InteractiveTrackSelector\AutomaticTrackSelector">
      <UniqueIdentifier>{d86b3454-3544-4b20-b34f-2db927142e2d}</UniqueIdentifier>
    </Filter>
  </ItemGroup>
  <ItemGroup>
    <ClCompile Include="Main.cpp" />
    <ClCompile Include="TrackPrioritizer.cpp">
      <Filter>TrackPrioritizer</Filter>
    </ClCompile>
    <ClCompile Include="InteractiveTrackSelector.cpp">
      <Filter>Track management\InteractiveTrackSelector</Filter>
    </ClCompile>
    <ClCompile Include="MinTrackEntry.cpp">
      <Filter>Track management\InteractiveTrackSelector\MinTrackEntry</Filter>
    </ClCompile>
    <ClCompile Include="AutomaticTrackSelector.cpp">
      <Filter>Track management\InteractiveTrackSelector\AutomaticTrackSelector</Filter>
    </ClCompile>
  </ItemGroup>
  <ItemGroup>
    <ClInclude Include="EbmlVintUT.h">
      <Filter>Tests</Filter>
    </ClInclude>
    <ClInclude Include="UTCommon.h">
      <Filter>Tests</Filter>
    </ClInclude>
    <ClInclude Include="BasicSharedPtrUT.h">
      <Filter>Tests</Filter>
    </ClInclude>
    <ClInclude Include="EbmlParserUT.h">
      <Filter>Tests</Filter>
    </ClInclude>
    <ClInclude Include="MatroskaLanguageTagsUT.h">
      <Filter>Tests</Filter>
    </ClInclude>
    <ClInclude Include="TrackPrioritizer.h">
      <Filter>TrackPrioritizer</Filter>
    </ClInclude>
    <ClInclude Include="ConsoleUtils.h">
      <Filter>Common</Filter>
    </ClInclude>
    <ClInclude Include="InteractiveTrackSelector.h">
      <Filter>Track management\InteractiveTrackSelector</Filter>
    </ClInclude>
    <ClInclude Include="MinTrackEntry.h">
      <Filter>Track management\InteractiveTrackSelector\MinTrackEntry</Filter>
    </ClInclude>
    <ClInclude Include="AutomaticTrackSelector.h">
      <Filter>Track management\InteractiveTrackSelector\AutomaticTrackSelector</Filter>
    </ClInclude>
  </ItemGroup>
</Project>