<?xml version="1.0" encoding="utf-8"?>
<Project ToolsVersion="4.0" xmlns="http://schemas.microsoft.com/developer/msbuild/2003">
  <ItemGroup>
    <Filter Include="Tests">
      <UniqueIdentifier>{9ade0cf9-ec27-4653-bb40-b6bf64fd0b83}</UniqueIdentifier>
    </Filter>
    <Filter Include="Tests\EbmlVint">
      <UniqueIdentifier>{893f513d-1f61-4fa3-9042-0e8a8eb323bd}</UniqueIdentifier>
    </Filter>
    <Filter Include="Tests\EbmlVint\Sources">
      <UniqueIdentifier>{bb340962-db81-44ff-83ce-ade0113cc369}</UniqueIdentifier>
    </Filter>
  </ItemGroup>
  <ItemGroup>
    <ClInclude Include="UTCommon.h" />
    <ClInclude Include="EbmlVintUT.h">
      <Filter>Tests\EbmlVint</Filter>
    </ClInclude>
  </ItemGroup>
  <ItemGroup>
    <ClCompile Include="Main.cpp" />
    <ClCompile Include="..\MatroskaTrackSelector\EbmlElementID.cpp">
      <Filter>Tests\EbmlVint</Filter>
    </ClCompile>
    <ClCompile Include="..\MatroskaTrackSelector\EbmlElementLength.cpp">
      <Filter>Tests\EbmlVint</Filter>
    </ClCompile>
  </ItemGroup>
</Project>