<?xml version="1.0" encoding="utf-8"?>
<Project ToolsVersion="4.0" xmlns="http://schemas.microsoft.com/developer/msbuild/2003">
  <ItemGroup>
    <ClInclude Include="BasicSharedPtr.h" />
    <ClInclude Include="Common.h" />
    <ClInclude Include="OldEbmlElement.h">
      <Filter>OldEbmlElement</Filter>
    </ClInclude>
    <ClInclude Include="EbmlElementID.h">
      <Filter>OldEbmlElement\VINT</Filter>
    </ClInclude>
    <ClInclude Include="EbmlElementLength.h">
      <Filter>OldEbmlElement\VINT</Filter>
    </ClInclude>
    <ClInclude Include="EbmlVintUtils.h">
      <Filter>OldEbmlElement\VINT</Filter>
    </ClInclude>
    <ClInclude Include="TrackManager.h">
      <Filter>TrackManager</Filter>
    </ClInclude>
    <ClInclude Include="TrackEntry.h">
      <Filter>TrackManager\Element wrappers\TrackEntry</Filter>
    </ClInclude>
    <ClInclude Include="SeekEntry.h">
      <Filter>TrackManager\Element wrappers\Seek</Filter>
    </ClInclude>
    <ClInclude Include="MatroskaElementSpecification.auto.h">
      <Filter>OldEbmlElement</Filter>
    </ClInclude>
    <ClInclude Include="MatroskaLanguageTags.auto.h">
      <Filter>TrackManager\Element wrappers\TrackEntry\LanguageTags</Filter>
    </ClInclude>
    <ClInclude Include="EbmlElement.h">
      <Filter>EbmlElement</Filter>
    </ClInclude>
    <ClInclude Include="EbmlPrimitiveElement.h">
      <Filter>EbmlElement\PrimitiveElement</Filter>
    </ClInclude>
    <ClInclude Include="EbmlNumericElements.h">
      <Filter>EbmlElement\PrimitiveElement\PrimitiveElements</Filter>
    </ClInclude>
    <ClInclude Include="EbmlStringElement.h">
      <Filter>EbmlElement\PrimitiveElement\PrimitiveElements</Filter>
    </ClInclude>
    <ClInclude Include="EbmlBinaryElement.h">
      <Filter>EbmlElement\PrimitiveElement\PrimitiveElements</Filter>
    </ClInclude>
    <ClInclude Include="EbmlMatroskaElements.auto.h">
      <Filter>EbmlElement\Auto generated</Filter>
    </ClInclude>
    <ClInclude Include="EbmlFixedBinaryElement.h">
      <Filter>EbmlElement\PrimitiveElement\PrimitiveElements</Filter>
    </ClInclude>
    <ClInclude Include="EbmlElementBase.h">
      <Filter>EbmlElement\EbmlElementBase</Filter>
    </ClInclude>
    <ClInclude Include="EbmlElementIterator.h">
      <Filter>EbmlElement\ElementIterator</Filter>
    </ClInclude>
    <ClInclude Include="EbmlDocument.h">
      <Filter>EbmlDocument</Filter>
    </ClInclude>
    <ClInclude Include="ElementDeclarationUtils.h">
      <Filter>EbmlElement\Auto generated</Filter>
    </ClInclude>
    <ClInclude Include="EbmlMasterElement.h">
      <Filter>EbmlElement\PrimitiveElement</Filter>
    </ClInclude>
  </ItemGroup>
  <ItemGroup>
    <ClCompile Include="OldEbmlElement.cpp">
      <Filter>OldEbmlElement</Filter>
    </ClCompile>
    <ClCompile Include="EbmlElementID.cpp">
      <Filter>OldEbmlElement\VINT</Filter>
    </ClCompile>
    <ClCompile Include="EbmlElementLength.cpp">
      <Filter>OldEbmlElement\VINT</Filter>
    </ClCompile>
    <ClCompile Include="TrackManager.cpp">
      <Filter>TrackManager</Filter>
    </ClCompile>
    <ClCompile Include="TrackEntry.cpp">
      <Filter>TrackManager\Element wrappers\TrackEntry</Filter>
    </ClCompile>
    <ClCompile Include="SeekEntry.cpp">
      <Filter>TrackManager\Element wrappers\Seek</Filter>
    </ClCompile>
    <ClCompile Include="MatroskaLanguageTags.cpp">
      <Filter>TrackManager\Element wrappers\TrackEntry\LanguageTags</Filter>
    </ClCompile>
    <ClCompile Include="EbmlElementBase.cpp">
      <Filter>EbmlElement\EbmlElementBase</Filter>
    </ClCompile>
    <ClCompile Include="EbmlElementIterator.cpp">
      <Filter>EbmlElement\ElementIterator</Filter>
    </ClCompile>
    <ClCompile Include="EbmlDocument.cpp">
      <Filter>EbmlDocument</Filter>
    </ClCompile>
  </ItemGroup>
  <ItemGroup>
    <Filter Include="Scripts">
      <UniqueIdentifier>{b8d63ba3-3632-4ba9-a8c4-d3ba95ee7465}</UniqueIdentifier>
    </Filter>
    <Filter Include="TrackManager">
      <UniqueIdentifier>{218a79ad-2bf3-415f-a748-228c6dcb49bc}</UniqueIdentifier>
    </Filter>
    <Filter Include="TrackManager\Element wrappers">
      <UniqueIdentifier>{0dfccc72-fc5c-4848-a2d5-7d05086dc517}</UniqueIdentifier>
    </Filter>
    <Filter Include="TrackManager\Element wrappers\TrackEntry">
      <UniqueIdentifier>{ee22aa4a-41bb-4b54-be27-312028f5e01d}</UniqueIdentifier>
    </Filter>
    <Filter Include="TrackManager\Element wrappers\Seek">
      <UniqueIdentifier>{a76c6515-c2a5-49b6-a364-8a4b9f284144}</UniqueIdentifier>
    </Filter>
    <Filter Include="TrackManager\Element wrappers\TrackEntry\LanguageTags">
      <UniqueIdentifier>{0605939e-cc57-4af1-a638-f6b39c51e81b}</UniqueIdentifier>
    </Filter>
    <Filter Include="OldEbmlElement">
      <UniqueIdentifier>{f1ffba20-d063-4cb2-96ff-63d8ce592bdb}</UniqueIdentifier>
    </Filter>
    <Filter Include="OldEbmlElement\VINT">
      <UniqueIdentifier>{8975d6ce-de5e-4840-891d-50846248ed96}</UniqueIdentifier>
    </Filter>
    <Filter Include="EbmlElement">
      <UniqueIdentifier>{c463d319-6451-4028-a287-d3cd4cf2b0dc}</UniqueIdentifier>
    </Filter>
    <Filter Include="EbmlElement\PrimitiveElement">
      <UniqueIdentifier>{5a2ef68e-2505-4fc8-92c6-b317700f0a0b}</UniqueIdentifier>
    </Filter>
    <Filter Include="EbmlElement\PrimitiveElement\PrimitiveElements">
      <UniqueIdentifier>{ccad34da-2fbb-4de9-90ab-794644ca2166}</UniqueIdentifier>
    </Filter>
    <Filter Include="EbmlElement\Auto generated">
      <UniqueIdentifier>{ac4db231-4753-47a2-ac00-d1d3cce1c48a}</UniqueIdentifier>
    </Filter>
    <Filter Include="EbmlElement\ElementIterator">
      <UniqueIdentifier>{ed309c63-26fc-40e2-a5be-e729e55529d5}</UniqueIdentifier>
    </Filter>
    <Filter Include="EbmlDocument">
      <UniqueIdentifier>{c101ca31-9b53-4358-9a64-5021bd7595c5}</UniqueIdentifier>
    </Filter>
    <Filter Include="EbmlElement\EbmlElementBase">
      <UniqueIdentifier>{047580df-2871-4222-872b-79366b59b747}</UniqueIdentifier>
    </Filter>
  </ItemGroup>
  <ItemGroup>
    <None Include="..\..\Utils\generate_ebml_vint_test_numbers.py">
      <Filter>Scripts</Filter>
    </None>
    <None Include="..\..\Utils\generate_element_specification.py">
      <Filter>Scripts</Filter>
    </None>
    <None Include="..\..\Utils\generate_language_tags.py">
      <Filter>Scripts</Filter>
    </None>
  </ItemGroup>
</Project>